// !$*UTF8*$!
{
	archiveVersion = 1;
	classes = {
	};
	objectVersion = 56;
	objects = {

/* Begin PBXBuildFile section */
		7484BA492BF92E85001A7D9A /* CustomButton.swift in Sources */ = {isa = PBXBuildFile; fileRef = 7484BA482BF92E85001A7D9A /* CustomButton.swift */; };
		74AAD2202BF8A293007CB4D2 /* CheckboxView.swift in Sources */ = {isa = PBXBuildFile; fileRef = 74AAD21F2BF8A293007CB4D2 /* CheckboxView.swift */; };
		74AAD2222BF8AAA7007CB4D2 /* TextFieldView.swift in Sources */ = {isa = PBXBuildFile; fileRef = 74AAD2212BF8AAA7007CB4D2 /* TextFieldView.swift */; };
		74AAD2242BF8AC18007CB4D2 /* ConfirmationView.swift in Sources */ = {isa = PBXBuildFile; fileRef = 74AAD2232BF8AC18007CB4D2 /* ConfirmationView.swift */; };
		74AAD2262BF8B7C8007CB4D2 /* SocialLoginButton.swift in Sources */ = {isa = PBXBuildFile; fileRef = 74AAD2252BF8B7C8007CB4D2 /* SocialLoginButton.swift */; };
		74AAD2282BF8B878007CB4D2 /* SocialLoginView.swift in Sources */ = {isa = PBXBuildFile; fileRef = 74AAD2272BF8B878007CB4D2 /* SocialLoginView.swift */; };
		74DAF3812BF5FB7F00E0969F /* AppDelegate.swift in Sources */ = {isa = PBXBuildFile; fileRef = 74DAF3802BF5FB7F00E0969F /* AppDelegate.swift */; };
		74DAF3832BF5FB7F00E0969F /* SceneDelegate.swift in Sources */ = {isa = PBXBuildFile; fileRef = 74DAF3822BF5FB7F00E0969F /* SceneDelegate.swift */; };
		74DAF3852BF5FB7F00E0969F /* WelcomeViewController.swift in Sources */ = {isa = PBXBuildFile; fileRef = 74DAF3842BF5FB7F00E0969F /* WelcomeViewController.swift */; };
		74DAF38A2BF5FB8100E0969F /* Assets.xcassets in Resources */ = {isa = PBXBuildFile; fileRef = 74DAF3892BF5FB8100E0969F /* Assets.xcassets */; };
		74DAF38D2BF5FB8100E0969F /* Base in Resources */ = {isa = PBXBuildFile; fileRef = 74DAF38C2BF5FB8100E0969F /* Base */; };
		74DAF3962BF5FB9E00E0969F /* SnapKit in Frameworks */ = {isa = PBXBuildFile; productRef = 74DAF3952BF5FB9E00E0969F /* SnapKit */; };
		74DAF39D2BF5FF0000E0969F /* TitleView.swift in Sources */ = {isa = PBXBuildFile; fileRef = 74DAF39C2BF5FF0000E0969F /* TitleView.swift */; };
		74DAF3A32BF5FF9700E0969F /* Poppins-Medium.ttf in Resources */ = {isa = PBXBuildFile; fileRef = 74DAF39F2BF5FF9700E0969F /* Poppins-Medium.ttf */; };
		74DAF3A42BF5FF9700E0969F /* Poppins-Bold.ttf in Resources */ = {isa = PBXBuildFile; fileRef = 74DAF3A02BF5FF9700E0969F /* Poppins-Bold.ttf */; };
		74DAF3A52BF5FF9700E0969F /* Poppins-SemiBold.ttf in Resources */ = {isa = PBXBuildFile; fileRef = 74DAF3A12BF5FF9700E0969F /* Poppins-SemiBold.ttf */; };
		74DAF3A62BF5FF9700E0969F /* Poppins-Regular.ttf in Resources */ = {isa = PBXBuildFile; fileRef = 74DAF3A22BF5FF9700E0969F /* Poppins-Regular.ttf */; };
		74DAF3AA2BF6010A00E0969F /* UIFont+CustomFonts.swift in Sources */ = {isa = PBXBuildFile; fileRef = 74DAF3A92BF6010A00E0969F /* UIFont+CustomFonts.swift */; };
		74DAF3AC2BF6011700E0969F /* Device.swift in Sources */ = {isa = PBXBuildFile; fileRef = 74DAF3AB2BF6011700E0969F /* Device.swift */; };
		74DAF3AE2BF6012100E0969F /* AuthConstants.swift in Sources */ = {isa = PBXBuildFile; fileRef = 74DAF3AD2BF6012100E0969F /* AuthConstants.swift */; };
		74DAF3B32BF6594A00E0969F /* ReusableFormViewController.swift in Sources */ = {isa = PBXBuildFile; fileRef = 74DAF3B22BF6594A00E0969F /* ReusableFormViewController.swift */; };
		74DAF3B72BF659D000E0969F /* MainViewController.swift in Sources */ = {isa = PBXBuildFile; fileRef = 74DAF3B62BF659D000E0969F /* MainViewController.swift */; };
		74DAF3B92BF6716600E0969F /* CustomTextField.swift in Sources */ = {isa = PBXBuildFile; fileRef = 74DAF3B82BF6716600E0969F /* CustomTextField.swift */; };
		74DAF3C02BF6C88900E0969F /* DividerView.swift in Sources */ = {isa = PBXBuildFile; fileRef = 74DAF3BF2BF6C88900E0969F /* DividerView.swift */; };
		74EE6FA12BFA04480060E15C /* FirebaseAuth in Frameworks */ = {isa = PBXBuildFile; productRef = 74EE6FA02BFA04480060E15C /* FirebaseAuth */; };
		74EE6FA32BFA05160060E15C /* GoogleService-Info.plist in Resources */ = {isa = PBXBuildFile; fileRef = 74EE6FA22BFA05160060E15C /* GoogleService-Info.plist */; };
		74EE6FA52BFA06020060E15C /* SessionManager.swift in Sources */ = {isa = PBXBuildFile; fileRef = 74EE6FA42BFA06020060E15C /* SessionManager.swift */; };
		74EE6FA82BFA682B0060E15C /* ProgressHUD in Frameworks */ = {isa = PBXBuildFile; productRef = 74EE6FA72BFA682B0060E15C /* ProgressHUD */; };
/* End PBXBuildFile section */

/* Begin PBXFileReference section */
		7484BA482BF92E85001A7D9A /* CustomButton.swift */ = {isa = PBXFileReference; lastKnownFileType = sourcecode.swift; path = CustomButton.swift; sourceTree = "<group>"; };
		74AAD21F2BF8A293007CB4D2 /* CheckboxView.swift */ = {isa = PBXFileReference; lastKnownFileType = sourcecode.swift; path = CheckboxView.swift; sourceTree = "<group>"; };
		74AAD2212BF8AAA7007CB4D2 /* TextFieldView.swift */ = {isa = PBXFileReference; lastKnownFileType = sourcecode.swift; path = TextFieldView.swift; sourceTree = "<group>"; };
		74AAD2232BF8AC18007CB4D2 /* ConfirmationView.swift */ = {isa = PBXFileReference; lastKnownFileType = sourcecode.swift; path = ConfirmationView.swift; sourceTree = "<group>"; };
		74AAD2252BF8B7C8007CB4D2 /* SocialLoginButton.swift */ = {isa = PBXFileReference; lastKnownFileType = sourcecode.swift; path = SocialLoginButton.swift; sourceTree = "<group>"; };
		74AAD2272BF8B878007CB4D2 /* SocialLoginView.swift */ = {isa = PBXFileReference; lastKnownFileType = sourcecode.swift; path = SocialLoginView.swift; sourceTree = "<group>"; };
		74DAF37D2BF5FB7F00E0969F /* ios-firebase-auth-example-app.app */ = {isa = PBXFileReference; explicitFileType = wrapper.application; includeInIndex = 0; path = "ios-firebase-auth-example-app.app"; sourceTree = BUILT_PRODUCTS_DIR; };
		74DAF3802BF5FB7F00E0969F /* AppDelegate.swift */ = {isa = PBXFileReference; lastKnownFileType = sourcecode.swift; path = AppDelegate.swift; sourceTree = "<group>"; };
		74DAF3822BF5FB7F00E0969F /* SceneDelegate.swift */ = {isa = PBXFileReference; lastKnownFileType = sourcecode.swift; path = SceneDelegate.swift; sourceTree = "<group>"; };
		74DAF3842BF5FB7F00E0969F /* WelcomeViewController.swift */ = {isa = PBXFileReference; lastKnownFileType = sourcecode.swift; path = WelcomeViewController.swift; sourceTree = "<group>"; };
		74DAF3892BF5FB8100E0969F /* Assets.xcassets */ = {isa = PBXFileReference; lastKnownFileType = folder.assetcatalog; path = Assets.xcassets; sourceTree = "<group>"; };
		74DAF38C2BF5FB8100E0969F /* Base */ = {isa = PBXFileReference; lastKnownFileType = file.storyboard; name = Base; path = Base.lproj/LaunchScreen.storyboard; sourceTree = "<group>"; };
		74DAF38E2BF5FB8100E0969F /* Info.plist */ = {isa = PBXFileReference; lastKnownFileType = text.plist.xml; path = Info.plist; sourceTree = "<group>"; };
		74DAF39C2BF5FF0000E0969F /* TitleView.swift */ = {isa = PBXFileReference; lastKnownFileType = sourcecode.swift; path = TitleView.swift; sourceTree = "<group>"; };
		74DAF39F2BF5FF9700E0969F /* Poppins-Medium.ttf */ = {isa = PBXFileReference; lastKnownFileType = file; path = "Poppins-Medium.ttf"; sourceTree = "<group>"; };
		74DAF3A02BF5FF9700E0969F /* Poppins-Bold.ttf */ = {isa = PBXFileReference; lastKnownFileType = file; path = "Poppins-Bold.ttf"; sourceTree = "<group>"; };
		74DAF3A12BF5FF9700E0969F /* Poppins-SemiBold.ttf */ = {isa = PBXFileReference; lastKnownFileType = file; path = "Poppins-SemiBold.ttf"; sourceTree = "<group>"; };
		74DAF3A22BF5FF9700E0969F /* Poppins-Regular.ttf */ = {isa = PBXFileReference; lastKnownFileType = file; path = "Poppins-Regular.ttf"; sourceTree = "<group>"; };
		74DAF3A92BF6010A00E0969F /* UIFont+CustomFonts.swift */ = {isa = PBXFileReference; fileEncoding = 4; lastKnownFileType = sourcecode.swift; path = "UIFont+CustomFonts.swift"; sourceTree = "<group>"; };
		74DAF3AB2BF6011700E0969F /* Device.swift */ = {isa = PBXFileReference; fileEncoding = 4; lastKnownFileType = sourcecode.swift; path = Device.swift; sourceTree = "<group>"; };
		74DAF3AD2BF6012100E0969F /* AuthConstants.swift */ = {isa = PBXFileReference; fileEncoding = 4; lastKnownFileType = sourcecode.swift; path = AuthConstants.swift; sourceTree = "<group>"; };
		74DAF3B22BF6594A00E0969F /* ReusableFormViewController.swift */ = {isa = PBXFileReference; lastKnownFileType = sourcecode.swift; path = ReusableFormViewController.swift; sourceTree = "<group>"; };
		74DAF3B62BF659D000E0969F /* MainViewController.swift */ = {isa = PBXFileReference; lastKnownFileType = sourcecode.swift; path = MainViewController.swift; sourceTree = "<group>"; };
		74DAF3B82BF6716600E0969F /* CustomTextField.swift */ = {isa = PBXFileReference; lastKnownFileType = sourcecode.swift; path = CustomTextField.swift; sourceTree = "<group>"; };
		74DAF3BF2BF6C88900E0969F /* DividerView.swift */ = {isa = PBXFileReference; lastKnownFileType = sourcecode.swift; path = DividerView.swift; sourceTree = "<group>"; };
		74EE6FA22BFA05160060E15C /* GoogleService-Info.plist */ = {isa = PBXFileReference; fileEncoding = 4; lastKnownFileType = text.plist.xml; path = "GoogleService-Info.plist"; sourceTree = "<group>"; };
		74EE6FA42BFA06020060E15C /* SessionManager.swift */ = {isa = PBXFileReference; lastKnownFileType = sourcecode.swift; path = SessionManager.swift; sourceTree = "<group>"; };
/* End PBXFileReference section */

/* Begin PBXFrameworksBuildPhase section */
		74DAF37A2BF5FB7F00E0969F /* Frameworks */ = {
			isa = PBXFrameworksBuildPhase;
			buildActionMask = 2147483647;
			files = (
				74EE6FA82BFA682B0060E15C /* ProgressHUD in Frameworks */,
				74DAF3962BF5FB9E00E0969F /* SnapKit in Frameworks */,
				74EE6FA12BFA04480060E15C /* FirebaseAuth in Frameworks */,
			);
			runOnlyForDeploymentPostprocessing = 0;
		};
/* End PBXFrameworksBuildPhase section */

/* Begin PBXGroup section */
		74DAF3742BF5FB7F00E0969F = {
			isa = PBXGroup;
			children = (
				74DAF37F2BF5FB7F00E0969F /* ios-firebase-auth-example-app */,
				74DAF37E2BF5FB7F00E0969F /* Products */,
			);
			sourceTree = "<group>";
		};
		74DAF37E2BF5FB7F00E0969F /* Products */ = {
			isa = PBXGroup;
			children = (
				74DAF37D2BF5FB7F00E0969F /* ios-firebase-auth-example-app.app */,
			);
			name = Products;
			sourceTree = "<group>";
		};
		74DAF37F2BF5FB7F00E0969F /* ios-firebase-auth-example-app */ = {
			isa = PBXGroup;
			children = (
				74DAF3802BF5FB7F00E0969F /* AppDelegate.swift */,
				74DAF3822BF5FB7F00E0969F /* SceneDelegate.swift */,
				74DAF3A82BF600E200E0969F /* Extensions */,
				74DAF3B62BF659D000E0969F /* MainViewController.swift */,
				74DAF3982BF5FBEB00E0969F /* Login */,
				74DAF3992BF5FBF000E0969F /* Resources */,
			);
			path = "ios-firebase-auth-example-app";
			sourceTree = "<group>";
		};
		74DAF3982BF5FBEB00E0969F /* Login */ = {
			isa = PBXGroup;
			children = (
				74DAF3AD2BF6012100E0969F /* AuthConstants.swift */,
				74EE6FA42BFA06020060E15C /* SessionManager.swift */,
				74DAF3AF2BF6023D00E0969F /* Components */,
				74DAF39B2BF5FEEE00E0969F /* Views */,
				74DAF39A2BF5FC0100E0969F /* ViewControllers */,
			);
			path = Login;
			sourceTree = "<group>";
		};
		74DAF3992BF5FBF000E0969F /* Resources */ = {
			isa = PBXGroup;
			children = (
				74DAF39E2BF5FF7500E0969F /* Poppins */,
				74EE6FA22BFA05160060E15C /* GoogleService-Info.plist */,
				74DAF3892BF5FB8100E0969F /* Assets.xcassets */,
				74DAF38B2BF5FB8100E0969F /* LaunchScreen.storyboard */,
				74DAF38E2BF5FB8100E0969F /* Info.plist */,
			);
			path = Resources;
			sourceTree = "<group>";
		};
		74DAF39A2BF5FC0100E0969F /* ViewControllers */ = {
			isa = PBXGroup;
			children = (
				74DAF3842BF5FB7F00E0969F /* WelcomeViewController.swift */,
				74DAF3B22BF6594A00E0969F /* ReusableFormViewController.swift */,
			);
			path = ViewControllers;
			sourceTree = "<group>";
		};
		74DAF39B2BF5FEEE00E0969F /* Views */ = {
			isa = PBXGroup;
			children = (
				74DAF39C2BF5FF0000E0969F /* TitleView.swift */,
				74DAF3BF2BF6C88900E0969F /* DividerView.swift */,
				74AAD2272BF8B878007CB4D2 /* SocialLoginView.swift */,
				74AAD2212BF8AAA7007CB4D2 /* TextFieldView.swift */,
				74AAD21F2BF8A293007CB4D2 /* CheckboxView.swift */,
				74AAD2232BF8AC18007CB4D2 /* ConfirmationView.swift */,
			);
			path = Views;
			sourceTree = "<group>";
		};
		74DAF39E2BF5FF7500E0969F /* Poppins */ = {
			isa = PBXGroup;
			children = (
				74DAF3A22BF5FF9700E0969F /* Poppins-Regular.ttf */,
				74DAF39F2BF5FF9700E0969F /* Poppins-Medium.ttf */,
				74DAF3A12BF5FF9700E0969F /* Poppins-SemiBold.ttf */,
				74DAF3A02BF5FF9700E0969F /* Poppins-Bold.ttf */,
			);
			path = Poppins;
			sourceTree = "<group>";
		};
		74DAF3A82BF600E200E0969F /* Extensions */ = {
			isa = PBXGroup;
			children = (
				74DAF3AB2BF6011700E0969F /* Device.swift */,
				74DAF3A92BF6010A00E0969F /* UIFont+CustomFonts.swift */,
			);
			path = Extensions;
			sourceTree = "<group>";
		};
		74DAF3AF2BF6023D00E0969F /* Components */ = {
			isa = PBXGroup;
			children = (
				74DAF3B82BF6716600E0969F /* CustomTextField.swift */,
				7484BA482BF92E85001A7D9A /* CustomButton.swift */,
				74AAD2252BF8B7C8007CB4D2 /* SocialLoginButton.swift */,
			);
			path = Components;
			sourceTree = "<group>";
		};
/* End PBXGroup section */

/* Begin PBXNativeTarget section */
		74DAF37C2BF5FB7F00E0969F /* ios-firebase-auth-example-app */ = {
			isa = PBXNativeTarget;
			buildConfigurationList = 74DAF3912BF5FB8100E0969F /* Build configuration list for PBXNativeTarget "ios-firebase-auth-example-app" */;
			buildPhases = (
				74DAF3792BF5FB7F00E0969F /* Sources */,
				74DAF37A2BF5FB7F00E0969F /* Frameworks */,
				74DAF37B2BF5FB7F00E0969F /* Resources */,
			);
			buildRules = (
			);
			dependencies = (
			);
			name = "ios-firebase-auth-example-app";
			packageProductDependencies = (
				74DAF3952BF5FB9E00E0969F /* SnapKit */,
				74EE6FA02BFA04480060E15C /* FirebaseAuth */,
				74EE6FA72BFA682B0060E15C /* ProgressHUD */,
			);
			productName = "ios-firebase-auth-example-app";
			productReference = 74DAF37D2BF5FB7F00E0969F /* ios-firebase-auth-example-app.app */;
			productType = "com.apple.product-type.application";
		};
/* End PBXNativeTarget section */

/* Begin PBXProject section */
		74DAF3752BF5FB7F00E0969F /* Project object */ = {
			isa = PBXProject;
			attributes = {
				BuildIndependentTargetsInParallel = 1;
				LastSwiftUpdateCheck = 1540;
				LastUpgradeCheck = 1540;
				TargetAttributes = {
					74DAF37C2BF5FB7F00E0969F = {
						CreatedOnToolsVersion = 15.4;
					};
				};
			};
			buildConfigurationList = 74DAF3782BF5FB7F00E0969F /* Build configuration list for PBXProject "ios-firebase-auth-example-app" */;
			compatibilityVersion = "Xcode 14.0";
			developmentRegion = en;
			hasScannedForEncodings = 0;
			knownRegions = (
				en,
				Base,
			);
			mainGroup = 74DAF3742BF5FB7F00E0969F;
			packageReferences = (
				74DAF3942BF5FB9E00E0969F /* XCRemoteSwiftPackageReference "SnapKit" */,
				74EE6F9F2BFA04480060E15C /* XCRemoteSwiftPackageReference "firebase-ios-sdk" */,
				74EE6FA62BFA682B0060E15C /* XCRemoteSwiftPackageReference "ProgressHUD" */,
			);
			productRefGroup = 74DAF37E2BF5FB7F00E0969F /* Products */;
			projectDirPath = "";
			projectRoot = "";
			targets = (
				74DAF37C2BF5FB7F00E0969F /* ios-firebase-auth-example-app */,
			);
		};
/* End PBXProject section */

/* Begin PBXResourcesBuildPhase section */
		74DAF37B2BF5FB7F00E0969F /* Resources */ = {
			isa = PBXResourcesBuildPhase;
			buildActionMask = 2147483647;
			files = (
				74DAF3A52BF5FF9700E0969F /* Poppins-SemiBold.ttf in Resources */,
				74DAF3A32BF5FF9700E0969F /* Poppins-Medium.ttf in Resources */,
				74DAF38A2BF5FB8100E0969F /* Assets.xcassets in Resources */,
				74DAF3A62BF5FF9700E0969F /* Poppins-Regular.ttf in Resources */,
				74DAF38D2BF5FB8100E0969F /* Base in Resources */,
				74EE6FA32BFA05160060E15C /* GoogleService-Info.plist in Resources */,
				74DAF3A42BF5FF9700E0969F /* Poppins-Bold.ttf in Resources */,
			);
			runOnlyForDeploymentPostprocessing = 0;
		};
/* End PBXResourcesBuildPhase section */

/* Begin PBXSourcesBuildPhase section */
		74DAF3792BF5FB7F00E0969F /* Sources */ = {
			isa = PBXSourcesBuildPhase;
			buildActionMask = 2147483647;
			files = (
				74AAD2202BF8A293007CB4D2 /* CheckboxView.swift in Sources */,
				74DAF3B92BF6716600E0969F /* CustomTextField.swift in Sources */,
				74EE6FA52BFA06020060E15C /* SessionManager.swift in Sources */,
				74DAF3852BF5FB7F00E0969F /* WelcomeViewController.swift in Sources */,
				74DAF3B32BF6594A00E0969F /* ReusableFormViewController.swift in Sources */,
				74DAF3AA2BF6010A00E0969F /* UIFont+CustomFonts.swift in Sources */,
				74DAF3812BF5FB7F00E0969F /* AppDelegate.swift in Sources */,
				74DAF3AC2BF6011700E0969F /* Device.swift in Sources */,
				74AAD2262BF8B7C8007CB4D2 /* SocialLoginButton.swift in Sources */,
				74AAD2222BF8AAA7007CB4D2 /* TextFieldView.swift in Sources */,
				74DAF3832BF5FB7F00E0969F /* SceneDelegate.swift in Sources */,
				74AAD2242BF8AC18007CB4D2 /* ConfirmationView.swift in Sources */,
				74DAF39D2BF5FF0000E0969F /* TitleView.swift in Sources */,
				74DAF3AE2BF6012100E0969F /* AuthConstants.swift in Sources */,
				7484BA492BF92E85001A7D9A /* CustomButton.swift in Sources */,
				74DAF3C02BF6C88900E0969F /* DividerView.swift in Sources */,
				74DAF3B72BF659D000E0969F /* MainViewController.swift in Sources */,
				74AAD2282BF8B878007CB4D2 /* SocialLoginView.swift in Sources */,
			);
			runOnlyForDeploymentPostprocessing = 0;
		};
/* End PBXSourcesBuildPhase section */

/* Begin PBXVariantGroup section */
		74DAF38B2BF5FB8100E0969F /* LaunchScreen.storyboard */ = {
			isa = PBXVariantGroup;
			children = (
				74DAF38C2BF5FB8100E0969F /* Base */,
			);
			name = LaunchScreen.storyboard;
			sourceTree = "<group>";
		};
/* End PBXVariantGroup section */

/* Begin XCBuildConfiguration section */
		74DAF38F2BF5FB8100E0969F /* Debug */ = {
			isa = XCBuildConfiguration;
			buildSettings = {
				ALWAYS_SEARCH_USER_PATHS = NO;
				ASSETCATALOG_COMPILER_GENERATE_SWIFT_ASSET_SYMBOL_EXTENSIONS = YES;
				CLANG_ANALYZER_NONNULL = YES;
				CLANG_ANALYZER_NUMBER_OBJECT_CONVERSION = YES_AGGRESSIVE;
				CLANG_CXX_LANGUAGE_STANDARD = "gnu++20";
				CLANG_ENABLE_MODULES = YES;
				CLANG_ENABLE_OBJC_ARC = YES;
				CLANG_ENABLE_OBJC_WEAK = YES;
				CLANG_WARN_BLOCK_CAPTURE_AUTORELEASING = YES;
				CLANG_WARN_BOOL_CONVERSION = YES;
				CLANG_WARN_COMMA = YES;
				CLANG_WARN_CONSTANT_CONVERSION = YES;
				CLANG_WARN_DEPRECATED_OBJC_IMPLEMENTATIONS = YES;
				CLANG_WARN_DIRECT_OBJC_ISA_USAGE = YES_ERROR;
				CLANG_WARN_DOCUMENTATION_COMMENTS = YES;
				CLANG_WARN_EMPTY_BODY = YES;
				CLANG_WARN_ENUM_CONVERSION = YES;
				CLANG_WARN_INFINITE_RECURSION = YES;
				CLANG_WARN_INT_CONVERSION = YES;
				CLANG_WARN_NON_LITERAL_NULL_CONVERSION = YES;
				CLANG_WARN_OBJC_IMPLICIT_RETAIN_SELF = YES;
				CLANG_WARN_OBJC_LITERAL_CONVERSION = YES;
				CLANG_WARN_OBJC_ROOT_CLASS = YES_ERROR;
				CLANG_WARN_QUOTED_INCLUDE_IN_FRAMEWORK_HEADER = YES;
				CLANG_WARN_RANGE_LOOP_ANALYSIS = YES;
				CLANG_WARN_STRICT_PROTOTYPES = YES;
				CLANG_WARN_SUSPICIOUS_MOVE = YES;
				CLANG_WARN_UNGUARDED_AVAILABILITY = YES_AGGRESSIVE;
				CLANG_WARN_UNREACHABLE_CODE = YES;
				CLANG_WARN__DUPLICATE_METHOD_MATCH = YES;
				COPY_PHASE_STRIP = NO;
				DEBUG_INFORMATION_FORMAT = dwarf;
				ENABLE_STRICT_OBJC_MSGSEND = YES;
				ENABLE_TESTABILITY = YES;
				ENABLE_USER_SCRIPT_SANDBOXING = YES;
				GCC_C_LANGUAGE_STANDARD = gnu17;
				GCC_DYNAMIC_NO_PIC = NO;
				GCC_NO_COMMON_BLOCKS = YES;
				GCC_OPTIMIZATION_LEVEL = 0;
				GCC_PREPROCESSOR_DEFINITIONS = (
					"DEBUG=1",
					"$(inherited)",
				);
				GCC_WARN_64_TO_32_BIT_CONVERSION = YES;
				GCC_WARN_ABOUT_RETURN_TYPE = YES_ERROR;
				GCC_WARN_UNDECLARED_SELECTOR = YES;
				GCC_WARN_UNINITIALIZED_AUTOS = YES_AGGRESSIVE;
				GCC_WARN_UNUSED_FUNCTION = YES;
				GCC_WARN_UNUSED_VARIABLE = YES;
				IPHONEOS_DEPLOYMENT_TARGET = 15.0;
				LOCALIZATION_PREFERS_STRING_CATALOGS = YES;
				MTL_ENABLE_DEBUG_INFO = INCLUDE_SOURCE;
				MTL_FAST_MATH = YES;
				ONLY_ACTIVE_ARCH = YES;
				SDKROOT = iphoneos;
				SWIFT_ACTIVE_COMPILATION_CONDITIONS = "DEBUG $(inherited)";
				SWIFT_OPTIMIZATION_LEVEL = "-Onone";
			};
			name = Debug;
		};
		74DAF3902BF5FB8100E0969F /* Release */ = {
			isa = XCBuildConfiguration;
			buildSettings = {
				ALWAYS_SEARCH_USER_PATHS = NO;
				ASSETCATALOG_COMPILER_GENERATE_SWIFT_ASSET_SYMBOL_EXTENSIONS = YES;
				CLANG_ANALYZER_NONNULL = YES;
				CLANG_ANALYZER_NUMBER_OBJECT_CONVERSION = YES_AGGRESSIVE;
				CLANG_CXX_LANGUAGE_STANDARD = "gnu++20";
				CLANG_ENABLE_MODULES = YES;
				CLANG_ENABLE_OBJC_ARC = YES;
				CLANG_ENABLE_OBJC_WEAK = YES;
				CLANG_WARN_BLOCK_CAPTURE_AUTORELEASING = YES;
				CLANG_WARN_BOOL_CONVERSION = YES;
				CLANG_WARN_COMMA = YES;
				CLANG_WARN_CONSTANT_CONVERSION = YES;
				CLANG_WARN_DEPRECATED_OBJC_IMPLEMENTATIONS = YES;
				CLANG_WARN_DIRECT_OBJC_ISA_USAGE = YES_ERROR;
				CLANG_WARN_DOCUMENTATION_COMMENTS = YES;
				CLANG_WARN_EMPTY_BODY = YES;
				CLANG_WARN_ENUM_CONVERSION = YES;
				CLANG_WARN_INFINITE_RECURSION = YES;
				CLANG_WARN_INT_CONVERSION = YES;
				CLANG_WARN_NON_LITERAL_NULL_CONVERSION = YES;
				CLANG_WARN_OBJC_IMPLICIT_RETAIN_SELF = YES;
				CLANG_WARN_OBJC_LITERAL_CONVERSION = YES;
				CLANG_WARN_OBJC_ROOT_CLASS = YES_ERROR;
				CLANG_WARN_QUOTED_INCLUDE_IN_FRAMEWORK_HEADER = YES;
				CLANG_WARN_RANGE_LOOP_ANALYSIS = YES;
				CLANG_WARN_STRICT_PROTOTYPES = YES;
				CLANG_WARN_SUSPICIOUS_MOVE = YES;
				CLANG_WARN_UNGUARDED_AVAILABILITY = YES_AGGRESSIVE;
				CLANG_WARN_UNREACHABLE_CODE = YES;
				CLANG_WARN__DUPLICATE_METHOD_MATCH = YES;
				COPY_PHASE_STRIP = NO;
				DEBUG_INFORMATION_FORMAT = "dwarf-with-dsym";
				ENABLE_NS_ASSERTIONS = NO;
				ENABLE_STRICT_OBJC_MSGSEND = YES;
				ENABLE_USER_SCRIPT_SANDBOXING = YES;
				GCC_C_LANGUAGE_STANDARD = gnu17;
				GCC_NO_COMMON_BLOCKS = YES;
				GCC_WARN_64_TO_32_BIT_CONVERSION = YES;
				GCC_WARN_ABOUT_RETURN_TYPE = YES_ERROR;
				GCC_WARN_UNDECLARED_SELECTOR = YES;
				GCC_WARN_UNINITIALIZED_AUTOS = YES_AGGRESSIVE;
				GCC_WARN_UNUSED_FUNCTION = YES;
				GCC_WARN_UNUSED_VARIABLE = YES;
				IPHONEOS_DEPLOYMENT_TARGET = 15.0;
				LOCALIZATION_PREFERS_STRING_CATALOGS = YES;
				MTL_ENABLE_DEBUG_INFO = NO;
				MTL_FAST_MATH = YES;
				SDKROOT = iphoneos;
				SWIFT_COMPILATION_MODE = wholemodule;
				VALIDATE_PRODUCT = YES;
			};
			name = Release;
		};
		74DAF3922BF5FB8100E0969F /* Debug */ = {
			isa = XCBuildConfiguration;
			buildSettings = {
				ASSETCATALOG_COMPILER_APPICON_NAME = AppIcon;
				ASSETCATALOG_COMPILER_GLOBAL_ACCENT_COLOR_NAME = AccentColor;
				CODE_SIGN_STYLE = Automatic;
				CURRENT_PROJECT_VERSION = 1;
				DEVELOPMENT_TEAM = QU8K7VX6B7;
				GENERATE_INFOPLIST_FILE = YES;
				INFOPLIST_FILE = "ios-firebase-auth-example-app/Resources/Info.plist";
				INFOPLIST_KEY_UIApplicationSupportsIndirectInputEvents = YES;
				INFOPLIST_KEY_UILaunchStoryboardName = LaunchScreen;
				INFOPLIST_KEY_UISupportedInterfaceOrientations = UIInterfaceOrientationPortrait;
				LD_RUNPATH_SEARCH_PATHS = (
					"$(inherited)",
					"@executable_path/Frameworks",
				);
				MARKETING_VERSION = 1.0;
				PRODUCT_BUNDLE_IDENTIFIER = "com.aadzhanow.ios-firebase-auth-example-app";
				PRODUCT_NAME = "$(TARGET_NAME)";
				SWIFT_EMIT_LOC_STRINGS = YES;
				SWIFT_VERSION = 5.0;
				TARGETED_DEVICE_FAMILY = "1,2";
			};
			name = Debug;
		};
		74DAF3932BF5FB8100E0969F /* Release */ = {
			isa = XCBuildConfiguration;
			buildSettings = {
				ASSETCATALOG_COMPILER_APPICON_NAME = AppIcon;
				ASSETCATALOG_COMPILER_GLOBAL_ACCENT_COLOR_NAME = AccentColor;
				CODE_SIGN_STYLE = Automatic;
				CURRENT_PROJECT_VERSION = 1;
				DEVELOPMENT_TEAM = QU8K7VX6B7;
				GENERATE_INFOPLIST_FILE = YES;
				INFOPLIST_FILE = "ios-firebase-auth-example-app/Resources/Info.plist";
				INFOPLIST_KEY_UIApplicationSupportsIndirectInputEvents = YES;
				INFOPLIST_KEY_UILaunchStoryboardName = LaunchScreen;
				INFOPLIST_KEY_UISupportedInterfaceOrientations = UIInterfaceOrientationPortrait;
				LD_RUNPATH_SEARCH_PATHS = (
					"$(inherited)",
					"@executable_path/Frameworks",
				);
				MARKETING_VERSION = 1.0;
				PRODUCT_BUNDLE_IDENTIFIER = "com.aadzhanow.ios-firebase-auth-example-app";
				PRODUCT_NAME = "$(TARGET_NAME)";
				SWIFT_EMIT_LOC_STRINGS = YES;
				SWIFT_VERSION = 5.0;
				TARGETED_DEVICE_FAMILY = "1,2";
			};
			name = Release;
		};
/* End XCBuildConfiguration section */

/* Begin XCConfigurationList section */
		74DAF3782BF5FB7F00E0969F /* Build configuration list for PBXProject "ios-firebase-auth-example-app" */ = {
			isa = XCConfigurationList;
			buildConfigurations = (
				74DAF38F2BF5FB8100E0969F /* Debug */,
				74DAF3902BF5FB8100E0969F /* Release */,
			);
			defaultConfigurationIsVisible = 0;
			defaultConfigurationName = Release;
		};
		74DAF3912BF5FB8100E0969F /* Build configuration list for PBXNativeTarget "ios-firebase-auth-example-app" */ = {
			isa = XCConfigurationList;
			buildConfigurations = (
				74DAF3922BF5FB8100E0969F /* Debug */,
				74DAF3932BF5FB8100E0969F /* Release */,
			);
			defaultConfigurationIsVisible = 0;
			defaultConfigurationName = Release;
		};
/* End XCConfigurationList section */

/* Begin XCRemoteSwiftPackageReference section */
		74DAF3942BF5FB9E00E0969F /* XCRemoteSwiftPackageReference "SnapKit" */ = {
			isa = XCRemoteSwiftPackageReference;
			repositoryURL = "https://github.com/SnapKit/SnapKit.git";
			requirement = {
				kind = upToNextMajorVersion;
				minimumVersion = 5.7.1;
			};
		};
		74EE6F9F2BFA04480060E15C /* XCRemoteSwiftPackageReference "firebase-ios-sdk" */ = {
			isa = XCRemoteSwiftPackageReference;
			repositoryURL = "https://github.com/firebase/firebase-ios-sdk.git";
			requirement = {
				kind = upToNextMajorVersion;
				minimumVersion = 10.26.0;
			};
		};
		74EE6FA62BFA682B0060E15C /* XCRemoteSwiftPackageReference "ProgressHUD" */ = {
			isa = XCRemoteSwiftPackageReference;
			repositoryURL = "https://github.com/relatedcode/ProgressHUD.git";
			requirement = {
				kind = upToNextMajorVersion;
				minimumVersion = 14.1.3;
			};
		};
/* End XCRemoteSwiftPackageReference section */

/* Begin XCSwiftPackageProductDependency section */
		74DAF3952BF5FB9E00E0969F /* SnapKit */ = {
			isa = XCSwiftPackageProductDependency;
			package = 74DAF3942BF5FB9E00E0969F /* XCRemoteSwiftPackageReference "SnapKit" */;
			productName = SnapKit;
		};
		74EE6FA02BFA04480060E15C /* FirebaseAuth */ = {
			isa = XCSwiftPackageProductDependency;
			package = 74EE6F9F2BFA04480060E15C /* XCRemoteSwiftPackageReference "firebase-ios-sdk" */;
			productName = FirebaseAuth;
		};
		74EE6FA72BFA682B0060E15C /* ProgressHUD */ = {
			isa = XCSwiftPackageProductDependency;
			package = 74EE6FA62BFA682B0060E15C /* XCRemoteSwiftPackageReference "ProgressHUD" */;
			productName = ProgressHUD;
		};
/* End XCSwiftPackageProductDependency section */
	};
	rootObject = 74DAF3752BF5FB7F00E0969F /* Project object */;
}
